version = 1
generated-by = "jk 0.1.0-SNAPSHOT"
resolution-algorithm = "pubgrub-v1"

[[package]]
name     = "com.ethlo.time:itu"
version  = "1.14.0"
source   = "central+https://repo.maven.apache.org/maven2/"
checksum = "sha256:5cf40ab0cc77828ab2b875b1f3ecd71c8295d7721933476abc2e08fddcea164a"
scopes   = ["main"]

[[package]]
name     = "com.fasterxml.jackson.core:jackson-annotations"
version  = "3.0-rc5"
source   = "central+https://repo.maven.apache.org/maven2/"
checksum = "sha256:6d3cccd4e8ec78984b28780226cb141c7ecfb0285e22683397c3c06f578706bf"
scopes   = ["main"]

[[package]]
name     = "com.fasterxml.jackson.core:jackson-core"
version  = "2.21.4"
source   = "central+https://repo.maven.apache.org/maven2/"
checksum = "sha256:4b40a06396f239f8de2da57419adde6e94e5edc18a2171d471ea05eeed4e5c2d"
scopes   = ["main"]

[[package]]
name     = "com.fasterxml.jackson.core:jackson-databind"
version  = "2.21.4"
source   = "central+https://repo.maven.apache.org/maven2/"
checksum = "sha256:3888e9e69ab66fbacaacc9aea0e9ffbf15368288e4aca468b024dba11c09fbf9"
scopes   = ["main"]
deps = [
  "com.fasterxml.jackson.core:jackson-annotations@3.0-rc5",
  "com.fasterxml.jackson.core:jackson-core@2.21.4",
]

[[package]]
name     = "com.fasterxml.jackson.dataformat:jackson-dataformat-xml"
version  = "2.21.4"
source   = "central+https://repo.maven.apache.org/maven2/"
checksum = "sha256:662e4c8e012db91b1e5a9b294c4a3391ecaaf2cd1a04f1b64943c2db8fd9459b"
scopes   = ["main"]
deps = [
  "com.fasterxml.jackson.core:jackson-annotations@3.0-rc5",
  "com.fasterxml.jackson.core:jackson-core@2.21.4",
  "com.fasterxml.jackson.core:jackson-databind@2.21.4",
  "com.fasterxml.woodstox:woodstox-core@7.2.0",
  "org.codehaus.woodstox:stax2-api@4.3.0",
]

[[package]]
name     = "com.fasterxml.jackson.datatype:jackson-datatype-jsr310"
version  = "2.21.4"
source   = "central+https://repo.maven.apache.org/maven2/"
checksum = "sha256:d1ac4b98b70304e56448423589fde5e775b100889643ad1ead62cc7811633684"
scopes   = ["main"]
deps = [
  "com.fasterxml.jackson.core:jackson-annotations@3.0-rc5",
  "com.fasterxml.jackson.core:jackson-core@2.21.4",
  "com.fasterxml.jackson.core:jackson-databind@2.21.4",
]

[[package]]
name     = "com.fasterxml.woodstox:woodstox-core"
version  = "7.2.0"
source   = "central+https://repo.maven.apache.org/maven2/"
checksum = "sha256:689f5be95f9bb369d6c0e8db99a99f930b0c48d6a69b46151782b5816c7ea820"
scopes   = ["main"]
deps = [
  "org.codehaus.woodstox:stax2-api@4.3.0",
]

[[package]]
name     = "com.github.package-url:packageurl-java"
version  = "1.5.0"
source   = "central+https://repo.maven.apache.org/maven2/"
checksum = "sha256:e45551727707acc0c56ac62d56964332ea0f138d6cc3656d988b9369150f5247"
scopes   = ["main"]

[[package]]
name     = "com.google.android:annotations"
version  = "4.1.1.4"
source   = "central+https://repo.maven.apache.org/maven2/"
checksum = "sha256:ba734e1e84c09d615af6a09d33034b4f0442f8772dec120efb376d86a565ae15"
scopes   = ["main"]

[[package]]
name     = "com.google.api.grpc:proto-google-common-protos"
version  = "2.71.0"
source   = "central+https://repo.maven.apache.org/maven2/"
checksum = "sha256:f6d1c6281b44c93bf5a43c2687dd6b7011c15399edb2edc89d1248c4379fea42"
scopes   = ["main"]
deps = [
  "com.google.protobuf:protobuf-java@4.35.0",
]

[[package]]
name     = "com.google.api:api-common"
version  = "2.63.0"
source   = "central+https://repo.maven.apache.org/maven2/"
checksum = "sha256:c9f5d12e09d341437837d4a0451badb7109ccf64a2fe3e8fb81bf9365cf243a9"
scopes   = ["main"]
deps = [
  "com.google.auto.value:auto-value-annotations@1.11.1",
  "com.google.code.findbugs:jsr305@3.0.2",
  "com.google.errorprone:error_prone_annotations@2.49.0",
  "com.google.guava:guava@33.6.0-jre",
  "javax.annotation:javax.annotation-api@1.3.2",
]

[[package]]
name     = "com.google.auth:google-auth-library-credentials"
version  = "1.47.0"
source   = "central+https://repo.maven.apache.org/maven2/"
checksum = "sha256:7c6abcbd96b51f70e4d59044dea6cce873a527caab8d08d39a0da3f4f585aa9f"
scopes   = ["main"]

[[package]]
name     = "com.google.auth:google-auth-library-oauth2-http"
version  = "1.47.0"
source   = "central+https://repo.maven.apache.org/maven2/"
checksum = "sha256:9d0204083441942df12c7294ef4df1fff5ede784a652c138b6c9501790406e9e"
scopes   = ["main"]
deps = [
  "com.google.api:api-common@2.63.0",
  "com.google.auth:google-auth-library-credentials@1.47.0",
  "com.google.auto.value:auto-value-annotations@1.11.1",
  "com.google.code.findbugs:jsr305@3.0.2",
  "com.google.errorprone:error_prone_annotations@2.49.0",
  "com.google.guava:guava@33.6.0-jre",
  "com.google.http-client:google-http-client-gson@2.1.0",
  "com.google.http-client:google-http-client@2.1.0",
]

[[package]]
name     = "com.google.auto.value:auto-value-annotations"
version  = "1.11.1"
source   = "central+https://repo.maven.apache.org/maven2/"
checksum = "sha256:6c61a11420a5cddf3313888e9d335d5eedfbeb9a8da26591470fbfe61f5bf859"
scopes   = ["main"]

[[package]]
name     = "com.google.cloud.tools:jib-build-plan"
version  = "0.4.0"
source   = "central+https://repo.maven.apache.org/maven2/"
checksum = "sha256:9b74d6be551b8bf079d711148769150d566512db5a50b1e9c7c445c69c08d182"
scopes   = ["main"]

[[package]]
name     = "com.google.cloud.tools:jib-core"
version  = "0.28.1"
source   = "central+https://repo.maven.apache.org/maven2/"
checksum = "sha256:72396ce531882b94b76304eac681b403500d70117c956baac344a9c7d22b80f1"
scopes   = ["main"]
deps = [
  "com.fasterxml.jackson.core:jackson-databind@2.21.4",
  "com.fasterxml.jackson.datatype:jackson-datatype-jsr310@2.21.4",
  "com.google.auth:google-auth-library-oauth2-http@1.47.0",
  "com.google.cloud.tools:jib-build-plan@0.4.0",
  "com.google.guava:guava@33.6.0-jre",
  "com.google.http-client:google-http-client-apache-v2@2.1.0",
  "com.google.http-client:google-http-client@2.1.0",
  "org.apache.commons:commons-compress@1.28.0",
  "org.ow2.asm:asm@9.10.1",
]

[[package]]
name     = "com.google.code.findbugs:jsr305"
version  = "3.0.2"
source   = "central+https://repo.maven.apache.org/maven2/"
checksum = "sha256:766ad2a0783f2687962c8ad74ceecc38a28b9f72a2d085ee438b7813e928d0c7"
scopes   = ["main"]

[[package]]
name     = "com.google.code.gson:gson"
version  = "2.14.0"
source   = "central+https://repo.maven.apache.org/maven2/"
checksum = "sha256:2cbd119bf1961c28788310963dc80ba65f58cdeec1dd139c8bdb1240faa2c36f"
scopes   = ["main"]
deps = [
  "com.google.errorprone:error_prone_annotations@2.49.0",
]

[[package]]
name     = "com.google.errorprone:error_prone_annotations"
version  = "2.49.0"
source   = "central+https://repo.maven.apache.org/maven2/"
checksum = "sha256:3b1003e51b8ae56fdbd7c71073e81d1683b97e6c4dff5a9151164d59b769d13c"
scopes   = ["main"]

[[package]]
name     = "com.google.guava:failureaccess"
version  = "1.0.3"
source   = "central+https://repo.maven.apache.org/maven2/"
checksum = "sha256:cbfc3906b19b8f55dd7cfd6dfe0aa4532e834250d7f080bd8d211a3e246b59cb"
scopes   = ["main"]

[[package]]
name     = "com.google.guava:guava"
version  = "33.6.0-jre"
source   = "central+https://repo.maven.apache.org/maven2/"
checksum = "sha256:dc573e1fca4fd5454f4a5fd3d7da2df03002876a4175bafc14a95980dd7713b3"
scopes   = ["main"]
deps = [
  "com.google.errorprone:error_prone_annotations@2.49.0",
  "com.google.guava:failureaccess@1.0.3",
  "com.google.guava:listenablefuture@9999.0-empty-to-avoid-conflict-with-guava",
  "com.google.j2objc:j2objc-annotations@3.1",
  "org.jspecify:jspecify@1.0.0",
]

[[package]]
name     = "com.google.guava:listenablefuture"
version  = "9999.0-empty-to-avoid-conflict-with-guava"
source   = "central+https://repo.maven.apache.org/maven2/"
checksum = "sha256:b372a037d4230aa57fbeffdef30fd6123f9c0c2db85d0aced00c91b974f33f99"
scopes   = ["main"]

[[package]]
name     = "com.google.http-client:google-http-client"
version  = "2.1.0"
source   = "central+https://repo.maven.apache.org/maven2/"
checksum = "sha256:20aa0948f6ceb5cfa9b2b3adddd9b7e990ab40230e084081642cbb81235d3eef"
scopes   = ["main"]
deps = [
  "com.google.code.findbugs:jsr305@3.0.2",
  "com.google.errorprone:error_prone_annotations@2.49.0",
  "com.google.guava:guava@33.6.0-jre",
  "com.google.j2objc:j2objc-annotations@3.1",
  "io.grpc:grpc-context@1.81.0",
  "io.opencensus:opencensus-api@0.31.1",
  "io.opencensus:opencensus-contrib-http-util@0.31.1",
  "org.apache.httpcomponents:httpclient@4.5.14",
  "org.apache.httpcomponents:httpcore@4.4.16",
]

[[package]]
name     = "com.google.http-client:google-http-client-apache-v2"
version  = "2.1.0"
source   = "central+https://repo.maven.apache.org/maven2/"
checksum = "sha256:8bc85182d22bf5ea39a33c6b5e4cf38c0bc3166a47d64879de117a5eadb4439b"
scopes   = ["main"]
deps = [
  "com.google.http-client:google-http-client@2.1.0",
  "org.apache.httpcomponents:httpclient@4.5.14",
  "org.apache.httpcomponents:httpcore@4.4.16",
]

[[package]]
name     = "com.google.http-client:google-http-client-gson"
version  = "2.1.0"
source   = "central+https://repo.maven.apache.org/maven2/"
checksum = "sha256:3cf72c7b88375a34bf721c664f42edc8e096e2370e4126c9b8933c3c92e591f3"
scopes   = ["main"]
deps = [
  "com.google.code.gson:gson@2.14.0",
  "com.google.http-client:google-http-client@2.1.0",
]

[[package]]
name     = "com.google.j2objc:j2objc-annotations"
version  = "3.1"
source   = "central+https://repo.maven.apache.org/maven2/"
checksum = "sha256:84d3a150518485f8140ea99b8a985656749629f6433c92b80c75b36aba3b099b"
scopes   = ["main"]

[[package]]
name     = "com.google.oauth-client:google-oauth-client"
version  = "1.39.0"
source   = "central+https://repo.maven.apache.org/maven2/"
checksum = "sha256:27fc61ee2d526e33d31350b5ea383091c0879345e261f9b2e6fcc97a20c86f88"
scopes   = ["main"]
deps = [
  "com.google.guava:guava@33.6.0-jre",
  "com.google.http-client:google-http-client-gson@2.1.0",
  "com.google.http-client:google-http-client@2.1.0",
]

[[package]]
name     = "com.google.oauth-client:google-oauth-client-java6"
version  = "1.39.0"
source   = "central+https://repo.maven.apache.org/maven2/"
checksum = "sha256:292aca022c47aeae2baac705fd15ee2cbf01eb24ca9726d9a41539733ffe03f9"
scopes   = ["main"]
deps = [
  "com.google.http-client:google-http-client@2.1.0",
  "com.google.oauth-client:google-oauth-client@1.39.0",
]

[[package]]
name     = "com.google.oauth-client:google-oauth-client-jetty"
version  = "1.39.0"
source   = "central+https://repo.maven.apache.org/maven2/"
checksum = "sha256:150f30d261ab17e162c9f41a851462e0e05da50cbbf31bfabc9e6f216baf31b2"
scopes   = ["main"]
deps = [
  "com.google.http-client:google-http-client@2.1.0",
  "com.google.oauth-client:google-oauth-client-java6@1.39.0",
]

[[package]]
name     = "com.google.protobuf:protobuf-java"
version  = "4.35.0"
source   = "central+https://repo.maven.apache.org/maven2/"
checksum = "sha256:400621a8f0aac52fab7ec88f492edd356f5a4355caa8f92028f217a8b5e4ac3b"
scopes   = ["main"]

[[package]]
name     = "com.google.protobuf:protobuf-java-util"
version  = "4.35.0"
source   = "central+https://repo.maven.apache.org/maven2/"
checksum = "sha256:1153aadc409482ac094727e8ed4f641aebc87a68e6d6f96cd602acd837c1846d"
scopes   = ["main"]
deps = [
  "com.google.code.findbugs:jsr305@3.0.2",
  "com.google.code.gson:gson@2.14.0",
  "com.google.errorprone:error_prone_annotations@2.49.0",
  "com.google.protobuf:protobuf-java@4.35.0",
]

[[package]]
name     = "com.google.protobuf:protobuf-javalite"
version  = "4.35.0"
source   = "central+https://repo.maven.apache.org/maven2/"
checksum = "sha256:1cfe1e1d7918ae62a0234dc1231406e4c41154bf29ae81e113f20fbc2507dd10"
scopes   = ["main"]

[[package]]
name     = "com.googlecode.javaewah:JavaEWAH"
version  = "1.2.3"
source   = "central+https://repo.maven.apache.org/maven2/"
checksum = "sha256:d65226949713c4c61a784f41c51167e7b0316f93764398ebba9e4336b3d954c2"
scopes   = ["main"]

[[package]]
name     = "com.networknt:json-schema-validator"
version  = "3.0.3"
source   = "central+https://repo.maven.apache.org/maven2/"
checksum = "sha256:152fe6e37f7732b75d0b84f9d8dddda2c4093eb9d80acf37cd49331f6e7ebe31"
scopes   = ["main"]
deps = [
  "com.ethlo.time:itu@1.14.0",
  "org.slf4j:slf4j-api@2.1.0-alpha1",
  "tools.jackson.core:jackson-databind@3.1.3",
  "tools.jackson.dataformat:jackson-dataformat-yaml@3.1.3",
]

[[package]]
name     = "com.typesafe:config"
version  = "1.4.8"
source   = "central+https://repo.maven.apache.org/maven2/"
checksum = "sha256:bf91fd793fcd9ed52cc7a0f90863794321af8797b90f3f71d7306e6b98ec8e7e"
scopes   = ["main"]

[[package]]
name     = "commons-codec:commons-codec"
version  = "1.22.0"
source   = "central+https://repo.maven.apache.org/maven2/"
checksum = "sha256:d164fe79f262c32d9b18a0b5b2d317d1c27653d5e98fd2b998c24bf901c72ce4"
scopes   = ["main"]

[[package]]
name     = "commons-io:commons-io"
version  = "2.22.0"
source   = "central+https://repo.maven.apache.org/maven2/"
checksum = "sha256:2b9a7b1f726fb86216dbd2c8321eabe0221dbd5b1be81c18e1cb53811b104758"
scopes   = ["main"]

[[package]]
name     = "commons-logging:commons-logging"
version  = "1.3.6"
source   = "central+https://repo.maven.apache.org/maven2/"
checksum = "sha256:f8ead8943401081dea0aa824b5b1ba40a0e4ed297a572a0f02258150a0b62357"
scopes   = ["main"]

[[package]]
name     = "dev.sigstore:sigstore-java"
version  = "2.1.0"
source   = "central+https://repo.maven.apache.org/maven2/"
checksum = "sha256:d71dfd4aa7eda201db5ab56845035e2bbc49e96c80dff3c3f72983de5ab2f463"
scopes   = ["main"]
deps = [
  "com.google.code.gson:gson@2.14.0",
  "com.google.http-client:google-http-client-apache-v2@2.1.0",
  "com.google.http-client:google-http-client-gson@2.1.0",
  "com.google.oauth-client:google-oauth-client-java6@1.39.0",
  "com.google.oauth-client:google-oauth-client-jetty@1.39.0",
  "com.google.oauth-client:google-oauth-client@1.39.0",
  "com.google.protobuf:protobuf-java-util@4.35.0",
  "commons-codec:commons-codec@1.22.0",
  "io.github.erdtman:java-json-canonicalization@1.1",
  "io.grpc:grpc-netty-shaded@1.81.0",
  "io.grpc:grpc-protobuf@1.81.0",
  "io.grpc:grpc-stub@1.81.0",
  "org.bouncycastle:bcpkix-jdk18on@1.84",
  "org.bouncycastle:bcutil-jdk18on@1.84",
]

[[package]]
name     = "info.picocli:picocli"
version  = "4.7.7"
source   = "central+https://repo.maven.apache.org/maven2/"
checksum = "sha256:f86e30fffd10d2b13b8caa8d4b237a7ee61f2ffccf5b1941de718b765d235bf8"
scopes   = ["main"]

[[package]]
name     = "io.github.erdtman:java-json-canonicalization"
version  = "1.1"
source   = "central+https://repo.maven.apache.org/maven2/"
checksum = "sha256:ed12a01f28d147898312963a1f704e90290b67a61f34fa3a761f41c134f4e691"
scopes   = ["main"]

[[package]]
name     = "io.grpc:grpc-api"
version  = "1.81.0"
source   = "central+https://repo.maven.apache.org/maven2/"
checksum = "sha256:3e6a659ba3edcdac730c857b27725e2e4d985c2241055e8326eb4fe0f9573d53"
scopes   = ["main"]
deps = [
  "com.google.code.findbugs:jsr305@3.0.2",
  "com.google.errorprone:error_prone_annotations@2.49.0",
  "com.google.guava:guava@33.6.0-jre",
]

[[package]]
name     = "io.grpc:grpc-context"
version  = "1.81.0"
source   = "central+https://repo.maven.apache.org/maven2/"
checksum = "sha256:05de695306f90ded01d41b083b7500eb13dc53763097ac8c5b0264842df06679"
scopes   = ["main"]
deps = [
  "io.grpc:grpc-api@1.81.0",
]

[[package]]
name     = "io.grpc:grpc-core"
version  = "1.81.0"
source   = "central+https://repo.maven.apache.org/maven2/"
checksum = "sha256:3ffe1a91dedf0603269ce597469bf82f93477b12968a9e0d80fbd407e5ba6e99"
scopes   = ["main"]
deps = [
  "com.google.android:annotations@4.1.1.4",
  "com.google.code.gson:gson@2.14.0",
  "com.google.errorprone:error_prone_annotations@2.49.0",
  "com.google.guava:guava@33.6.0-jre",
  "io.grpc:grpc-api@1.81.0",
  "io.grpc:grpc-context@1.81.0",
  "io.perfmark:perfmark-api@0.27.0",
  "org.codehaus.mojo:animal-sniffer-annotations@1.27",
]

[[package]]
name     = "io.grpc:grpc-netty-shaded"
version  = "1.81.0"
source   = "central+https://repo.maven.apache.org/maven2/"
checksum = "sha256:37bc04a00311f268726c92dad9f8211d24551a442ef19dbcc907d5751d36ef12"
scopes   = ["main"]
deps = [
  "com.google.errorprone:error_prone_annotations@2.49.0",
  "com.google.guava:guava@33.6.0-jre",
  "io.grpc:grpc-api@1.81.0",
  "io.grpc:grpc-core@1.81.0",
  "io.grpc:grpc-util@1.81.0",
  "io.perfmark:perfmark-api@0.27.0",
  "org.codehaus.mojo:animal-sniffer-annotations@1.27",
]

[[package]]
name     = "io.grpc:grpc-protobuf"
version  = "1.81.0"
source   = "central+https://repo.maven.apache.org/maven2/"
checksum = "sha256:d274af74b76a7846194e0279708d48900c19070f069241a4034bacd42918df1d"
scopes   = ["main"]
deps = [
  "com.google.api.grpc:proto-google-common-protos@2.71.0",
  "com.google.code.findbugs:jsr305@3.0.2",
  "com.google.guava:guava@33.6.0-jre",
  "com.google.protobuf:protobuf-java@4.35.0",
  "io.grpc:grpc-api@1.81.0",
  "io.grpc:grpc-protobuf-lite@1.81.0",
]

[[package]]
name     = "io.grpc:grpc-protobuf-lite"
version  = "1.81.0"
source   = "central+https://repo.maven.apache.org/maven2/"
checksum = "sha256:1bf6294b09925cc6aa82b1fd8750650010e45e0c88972670bdc3135c74aaab4c"
scopes   = ["main"]
deps = [
  "com.google.code.findbugs:jsr305@3.0.2",
  "com.google.guava:guava@33.6.0-jre",
  "com.google.protobuf:protobuf-javalite@4.35.0",
  "io.grpc:grpc-api@1.81.0",
]

[[package]]
name     = "io.grpc:grpc-stub"
version  = "1.81.0"
source   = "central+https://repo.maven.apache.org/maven2/"
checksum = "sha256:963e75cc63c3659ee8e4cb956436cefdd511761f4e85a674caeeb3052744e39d"
scopes   = ["main"]
deps = [
  "com.google.errorprone:error_prone_annotations@2.49.0",
  "com.google.guava:guava@33.6.0-jre",
  "io.grpc:grpc-api@1.81.0",
  "org.codehaus.mojo:animal-sniffer-annotations@1.27",
]

[[package]]
name     = "io.grpc:grpc-util"
version  = "1.81.0"
source   = "central+https://repo.maven.apache.org/maven2/"
checksum = "sha256:5ef3f554329ebc18b7ca65de15289acf723a26b8c0bd4e502f41e41abe5a347f"
scopes   = ["main"]
deps = [
  "com.google.guava:guava@33.6.0-jre",
  "io.grpc:grpc-api@1.81.0",
  "io.grpc:grpc-core@1.81.0",
  "org.codehaus.mojo:animal-sniffer-annotations@1.27",
]

[[package]]
name     = "io.opencensus:opencensus-api"
version  = "0.31.1"
source   = "central+https://repo.maven.apache.org/maven2/"
checksum = "sha256:f1474d47f4b6b001558ad27b952e35eda5cc7146788877fc52938c6eba24b382"
scopes   = ["main"]
deps = [
  "io.grpc:grpc-context@1.81.0",
]

[[package]]
name     = "io.opencensus:opencensus-contrib-http-util"
version  = "0.31.1"
source   = "central+https://repo.maven.apache.org/maven2/"
checksum = "sha256:3ea995b55a4068be22989b70cc29a4d788c2d328d1d50613a7a9afd13fdd2d0a"
scopes   = ["main"]
deps = [
  "com.google.guava:guava@33.6.0-jre",
  "io.opencensus:opencensus-api@0.31.1",
]

[[package]]
name     = "io.perfmark:perfmark-api"
version  = "0.27.0"
source   = "central+https://repo.maven.apache.org/maven2/"
checksum = "sha256:c7b478503ec524e55df19b424d46d27c8a68aeb801664fadd4f069b71f52d0f6"
scopes   = ["main"]

[[package]]
name     = "javax.annotation:javax.annotation-api"
version  = "1.3.2"
source   = "central+https://repo.maven.apache.org/maven2/"
checksum = "sha256:e04ba5195bcd555dc95650f7cc614d151e4bcd52d29a10b8aa2197f3ab89ab9b"
scopes   = ["main"]

[[package]]
name     = "net.bytebuddy:byte-buddy"
version  = "1.18.8-jdk5"
source   = "central+https://repo.maven.apache.org/maven2/"
checksum = "sha256:ac30c4b0778111fbf65594df7ed0fbd32939eeabef9b17d7f3445aa28696fb86"
scopes   = ["test"]

[[package]]
name     = "org.antlr:antlr4-runtime"
version  = "4.13.2"
source   = "central+https://repo.maven.apache.org/maven2/"
checksum = "sha256:dd3e8a13a2d669bf84fb8d834de35ce4875f27157698d206241ec8488aadcaf7"
scopes   = ["main"]

[[package]]
name     = "org.apache.commons:commons-collections4"
version  = "4.5.0"
source   = "central+https://repo.maven.apache.org/maven2/"
checksum = "sha256:00f93263c267be201b8ae521b44a7137271b16688435340bf629db1bac0a5845"
scopes   = ["main"]

[[package]]
name     = "org.apache.commons:commons-compress"
version  = "1.28.0"
source   = "central+https://repo.maven.apache.org/maven2/"
checksum = "sha256:e1522945218456f3649a39bc4afd70ce4bd466221519dba7d378f2141a4642ca"
scopes   = ["main"]
deps = [
  "commons-codec:commons-codec@1.22.0",
  "commons-io:commons-io@2.22.0",
  "org.apache.commons:commons-lang3@3.20.0",
]

[[package]]
name     = "org.apache.commons:commons-lang3"
version  = "3.20.0"
source   = "central+https://repo.maven.apache.org/maven2/"
checksum = "sha256:69e5c9fa35da7a51a5fd2099dfe56a2d8d32cf233e2f6d770e796146440263f4"
scopes   = ["main"]

[[package]]
name     = "org.apache.httpcomponents:httpclient"
version  = "4.5.14"
source   = "central+https://repo.maven.apache.org/maven2/"
checksum = "sha256:c8bc7e1c51a6d4ce72f40d2ebbabf1c4b68bfe76e732104b04381b493478e9d6"
scopes   = ["main"]
deps = [
  "commons-codec:commons-codec@1.22.0",
  "commons-logging:commons-logging@1.3.6",
  "org.apache.httpcomponents:httpcore@4.4.16",
]

[[package]]
name     = "org.apache.httpcomponents:httpcore"
version  = "4.4.16"
source   = "central+https://repo.maven.apache.org/maven2/"
checksum = "sha256:6c9b3dd142a09dc468e23ad39aad6f75a0f2b85125104469f026e52a474e464f"
scopes   = ["main"]

[[package]]
name     = "org.apache.maven:maven-artifact"
version  = "4.0.0-rc-5"
source   = "central+https://repo.maven.apache.org/maven2/"
checksum = "sha256:a6f9df1fd54075dd90c2a9977ed1f13dd3d73d5e0f4e1d533a94c32a45d6d627"
scopes   = ["main"]

[[package]]
name     = "org.apiguardian:apiguardian-api"
version  = "1.1.2"
source   = "central+https://repo.maven.apache.org/maven2/"
checksum = "sha256:b509448ac506d607319f182537f0b35d71007582ec741832a1f111e5b5b70b38"
scopes   = ["test"]

[[package]]
name     = "org.assertj:assertj-core"
version  = "4.0.0-M1"
source   = "central+https://repo.maven.apache.org/maven2/"
checksum = "sha256:03852ab5b4419c1b0b3689930cdc1ac4f0c437a0c8094a900370dcb170cfbb46"
scopes   = ["test"]
deps = [
  "net.bytebuddy:byte-buddy@1.18.8-jdk5",
]

[[package]]
name     = "org.bouncycastle:bcpg-jdk18on"
version  = "1.84"
source   = "central+https://repo.maven.apache.org/maven2/"
checksum = "sha256:c0e6303a0d7589040f400950ecee87a14b81312e84ed15e5390ebb0c4566ddab"
scopes   = ["main"]
deps = [
  "org.bouncycastle:bcprov-jdk18on@1.84",
  "org.bouncycastle:bcutil-jdk18on@1.84",
]

[[package]]
name     = "org.bouncycastle:bcpkix-jdk18on"
version  = "1.84"
source   = "central+https://repo.maven.apache.org/maven2/"
checksum = "sha256:c87f16ed9e5ec61bc94151e9f3646ac44e50cd448121ce84367fa4b7ec7ec1bb"
scopes   = ["main"]
deps = [
  "org.bouncycastle:bcutil-jdk18on@1.84",
]

[[package]]
name     = "org.bouncycastle:bcprov-jdk18on"
version  = "1.84"
source   = "central+https://repo.maven.apache.org/maven2/"
checksum = "sha256:64d6c5a6121fcd927152dd182cbed39afe0fda641a970d9bcc0c9cb1858b2731"
scopes   = ["main"]

[[package]]
name     = "org.bouncycastle:bcutil-jdk18on"
version  = "1.84"
source   = "central+https://repo.maven.apache.org/maven2/"
checksum = "sha256:b374e16963421fb9cfb01cc20d7ad8fd2f8b8188e3eef0ec0a8965e245f7619a"
scopes   = ["main"]
deps = [
  "org.bouncycastle:bcprov-jdk18on@1.84",
]

[[package]]
name     = "org.checkerframework:checker-qual"
version  = "4.1.0"
source   = "central+https://repo.maven.apache.org/maven2/"
checksum = "sha256:a7e08a5400f6e1d97818ed01a8624473fee90b0ded941a44d190f1210c081790"
scopes   = ["main"]

[[package]]
name     = "org.codehaus.mojo:animal-sniffer-annotations"
version  = "1.27"
source   = "central+https://repo.maven.apache.org/maven2/"
checksum = "sha256:cfd7e51a828fe6b98bc0dbb99e34900c9e9012322cb9ddd57fd8dd0b02da5e27"
scopes   = ["main"]

[[package]]
name     = "org.codehaus.woodstox:stax2-api"
version  = "4.3.0"
source   = "central+https://repo.maven.apache.org/maven2/"
checksum = "sha256:7c805f36129ea9fa42b696093b7ae1eb20bb6ccec65c8280d6f33db5609ca5e1"
scopes   = ["main"]

[[package]]
name     = "org.cyclonedx:cyclonedx-core-java"
version  = "12.2.0"
source   = "central+https://repo.maven.apache.org/maven2/"
checksum = "sha256:f420af2e5c406f8dfff3f279cf3ce9f0539a27f895e8d80dd291c7fafd0c5ff8"
scopes   = ["main"]
deps = [
  "com.fasterxml.jackson.dataformat:jackson-dataformat-xml@2.21.4",
  "com.github.package-url:packageurl-java@1.5.0",
  "com.networknt:json-schema-validator@3.0.3",
  "commons-codec:commons-codec@1.22.0",
  "commons-io:commons-io@2.22.0",
  "org.apache.commons:commons-collections4@4.5.0",
  "org.apache.commons:commons-lang3@3.20.0",
]

[[package]]
name     = "org.eclipse.jgit:org.eclipse.jgit"
version  = "7.6.0.202603022253-r"
source   = "central+https://repo.maven.apache.org/maven2/"
checksum = "sha256:a19bf441905167b3ae6a5dd58f1954abfb243add420e3820705dd5bde3e35603"
scopes   = ["main"]
deps = [
  "com.googlecode.javaewah:JavaEWAH@1.2.3",
  "commons-codec:commons-codec@1.22.0",
  "org.slf4j:slf4j-api@2.1.0-alpha1",
]

[[package]]
name     = "org.jline:jline-native"
version  = "4.1.3"
source   = "central+https://repo.maven.apache.org/maven2/"
checksum = "sha256:772246d37b5d13a07c7912d706854328823392e3243c8470ae362ebadb4ff185"
scopes   = ["main"]

[[package]]
name     = "org.jline:jline-terminal"
version  = "4.1.3"
source   = "central+https://repo.maven.apache.org/maven2/"
checksum = "sha256:abcf669ec701ffa49a1271fadbe15c93e8f8500bf8311b61b04beb45d472081f"
scopes   = ["main"]
deps = [
  "org.jline:jline-native@4.1.3",
]

[[package]]
name     = "org.jline:jline-terminal-ffm"
version  = "4.1.3"
source   = "central+https://repo.maven.apache.org/maven2/"
checksum = "sha256:c3a477a0a3b6d8d366209ed989fd591eb887ba469c53e3ca4330189858f9a79d"
scopes   = ["main"]
deps = [
  "org.jline:jline-terminal@4.1.3",
]

[[package]]
name     = "org.jsoup:jsoup"
version  = "1.22.2"
source   = "central+https://repo.maven.apache.org/maven2/"
checksum = "sha256:596785996d3c6df16f544c232d10a9a1d88783b2a4740cf5251cb616f2be704d"
scopes   = ["main"]

[[package]]
name     = "org.jspecify:jspecify"
version  = "1.0.0"
source   = "central+https://repo.maven.apache.org/maven2/"
checksum = "sha256:1fad6e6be7557781e4d33729d49ae1cdc8fdda6fe477bb0cc68ce351eafdfbab"
scopes   = ["main", "test"]

[[package]]
name     = "org.junit.jupiter:junit-jupiter"
version  = "6.1.0"
source   = "central+https://repo.maven.apache.org/maven2/"
checksum = "sha256:a4e420b5c6e8170323b4c5c97ae35bca0d620be9f9cfe37006820f53931f27a3"
scopes   = ["test"]
deps = [
  "org.junit.jupiter:junit-jupiter-api@6.1.0",
  "org.junit.jupiter:junit-jupiter-engine@6.1.0",
  "org.junit.jupiter:junit-jupiter-params@6.1.0",
]

[[package]]
name     = "org.junit.jupiter:junit-jupiter-api"
version  = "6.1.0"
source   = "central+https://repo.maven.apache.org/maven2/"
checksum = "sha256:50f97eb800c2e888faa237a06f5a0ef445faed5567f994dac0c2b9d278a9ad20"
scopes   = ["test"]
deps = [
  "org.apiguardian:apiguardian-api@1.1.2",
  "org.jspecify:jspecify@1.0.0",
  "org.junit.platform:junit-platform-commons@6.1.0",
  "org.opentest4j:opentest4j@1.3.0",
]

[[package]]
name     = "org.junit.jupiter:junit-jupiter-engine"
version  = "6.1.0"
source   = "central+https://repo.maven.apache.org/maven2/"
checksum = "sha256:ea707b9647084619a0fc911cefb25037540d58b2800f8ead1fc6a2baf58b1da5"
scopes   = ["test"]
deps = [
  "org.apiguardian:apiguardian-api@1.1.2",
  "org.jspecify:jspecify@1.0.0",
  "org.junit.jupiter:junit-jupiter-api@6.1.0",
  "org.junit.platform:junit-platform-engine@6.1.0",
]

[[package]]
name     = "org.junit.jupiter:junit-jupiter-params"
version  = "6.1.0"
source   = "central+https://repo.maven.apache.org/maven2/"
checksum = "sha256:b987eea3205185a76f3659a39e67503cb7b682d8b7be03be4b9f92b710f0eec0"
scopes   = ["test"]
deps = [
  "org.apiguardian:apiguardian-api@1.1.2",
  "org.jspecify:jspecify@1.0.0",
  "org.junit.jupiter:junit-jupiter-api@6.1.0",
]

[[package]]
name     = "org.junit.platform:junit-platform-commons"
version  = "6.1.0"
source   = "central+https://repo.maven.apache.org/maven2/"
checksum = "sha256:1d9046ab17ec7edafb0bc7945d2e59d7180fff4f28c734b823b51001e769f71b"
scopes   = ["test"]
deps = [
  "org.apiguardian:apiguardian-api@1.1.2",
  "org.jspecify:jspecify@1.0.0",
]

[[package]]
name     = "org.junit.platform:junit-platform-engine"
version  = "6.1.0"
source   = "central+https://repo.maven.apache.org/maven2/"
checksum = "sha256:3fb6be76c26ab0f94fe084e3fd0a39e1d25e22129929a61b29bd80a052b93ea5"
scopes   = ["test"]
deps = [
  "org.apiguardian:apiguardian-api@1.1.2",
  "org.jspecify:jspecify@1.0.0",
  "org.junit.platform:junit-platform-commons@6.1.0",
  "org.opentest4j:opentest4j@1.3.0",
]

[[package]]
name     = "org.junit.platform:junit-platform-launcher"
version  = "6.1.0"
source   = "central+https://repo.maven.apache.org/maven2/"
checksum = "sha256:0995e6ed244d66196cbda019e2f879504d0b48971edae9cc3dea46a1b31c0377"
scopes   = ["test"]
deps = [
  "org.apiguardian:apiguardian-api@1.1.2",
  "org.jspecify:jspecify@1.0.0",
  "org.junit.platform:junit-platform-engine@6.1.0",
]

[[package]]
name     = "org.opentest4j:opentest4j"
version  = "1.3.0"
source   = "central+https://repo.maven.apache.org/maven2/"
checksum = "sha256:48e2df636cab6563ced64dcdff8abb2355627cb236ef0bf37598682ddf742f1b"
scopes   = ["test"]

[[package]]
name     = "org.ow2.asm:asm"
version  = "9.10.1"
source   = "central+https://repo.maven.apache.org/maven2/"
checksum = "sha256:ed825d10ab1399c8c0cb669e688cf0c8c82629b4c8399b58352b68e92ca10fcb"
scopes   = ["main"]

[[package]]
name     = "org.ow2.asm:asm-tree"
version  = "9.10.1"
source   = "central+https://repo.maven.apache.org/maven2/"
checksum = "sha256:3dfb0d5b6a106cd40b5b250e39935fbf2f927f4477546a5369a3ac609cf0506b"
scopes   = ["main"]
deps = [
  "org.ow2.asm:asm@9.10.1",
]

[[package]]
name     = "org.slf4j:slf4j-api"
version  = "2.1.0-alpha1"
source   = "central+https://repo.maven.apache.org/maven2/"
checksum = "sha256:9ab7ffa646202b499d05995a3ec82f31bccb7a50345c1514d8cb42ec8ccea353"
scopes   = ["main"]

[[package]]
name     = "org.snakeyaml:snakeyaml-engine"
version  = "3.0.1"
source   = "central+https://repo.maven.apache.org/maven2/"
checksum = "sha256:0b638c8806112215e02e58e95cbd9e9a69d4bd540991f47553d053919994cc94"
scopes   = ["main"]

[[package]]
name     = "org.spdx:java-spdx-library"
version  = "2.0.3"
source   = "central+https://repo.maven.apache.org/maven2/"
checksum = "sha256:0f90da5cf2b47731079abcdf64cac00490ee367e0ce448003963034bf772c513"
scopes   = ["main"]
deps = [
  "com.google.code.findbugs:jsr305@3.0.2",
  "com.google.code.gson:gson@2.14.0",
  "org.apache.commons:commons-lang3@3.20.0",
  "org.jsoup:jsoup@1.22.2",
  "org.slf4j:slf4j-api@2.1.0-alpha1",
  "org.spdx:spdx-java-core@1.0.3",
  "org.spdx:spdx-java-model-2_X@1.0.3",
  "org.spdx:spdx-java-model-3_0@1.0.3",
]

[[package]]
name     = "org.spdx:spdx-java-core"
version  = "1.0.3"
source   = "central+https://repo.maven.apache.org/maven2/"
checksum = "sha256:3624a8edc894e4d9dba53a0acecc1d5d31bb68135a5c4759873535821e35fc02"
scopes   = ["main"]
deps = [
  "com.google.code.findbugs:jsr305@3.0.2",
  "org.apache.commons:commons-lang3@3.20.0",
  "org.jsoup:jsoup@1.22.2",
  "org.slf4j:slf4j-api@2.1.0-alpha1",
]

[[package]]
name     = "org.spdx:spdx-java-model-2_X"
version  = "1.0.3"
source   = "central+https://repo.maven.apache.org/maven2/"
checksum = "sha256:97ff4e4b7a4b04d59a3caacd8f67979493549ac5536ab1d0093c53e7aed1bf57"
scopes   = ["main"]
deps = [
  "com.google.code.gson:gson@2.14.0",
  "org.spdx:spdx-java-core@1.0.3",
]

[[package]]
name     = "org.spdx:spdx-java-model-3_0"
version  = "1.0.3"
source   = "central+https://repo.maven.apache.org/maven2/"
checksum = "sha256:7f2b1286cfbb7427aaaf89fac2037fdc0a0b3ab9f25812fe8872cf3e768a1644"
scopes   = ["main"]
deps = [
  "org.slf4j:slf4j-api@2.1.0-alpha1",
  "org.spdx:spdx-java-core@1.0.3",
]

[[package]]
name     = "org.tomlj:tomlj"
version  = "1.1.1"
source   = "central+https://repo.maven.apache.org/maven2/"
checksum = "sha256:383b7c66966c42ee4913ec977a7b6573631866bddc5318ec4a6215b688dd0d6c"
scopes   = ["main"]
deps = [
  "org.antlr:antlr4-runtime@4.13.2",
  "org.checkerframework:checker-qual@4.1.0",
]

[[package]]
name     = "org.tukaani:xz"
version  = "1.12"
source   = "central+https://repo.maven.apache.org/maven2/"
checksum = "sha256:3e158a87bd73d8afb4b6e8239c013b7d049c48563f45860ce99cd2e448cf4a6b"
scopes   = ["main"]

[[package]]
name     = "tools.jackson.core:jackson-core"
version  = "3.1.3"
source   = "central+https://repo.maven.apache.org/maven2/"
checksum = "sha256:e85ded25f75d8dabef7aa09fc155ef616f0a97e96bef6615f7a7800c2a76c6ef"
scopes   = ["main"]

[[package]]
name     = "tools.jackson.core:jackson-databind"
version  = "3.1.3"
source   = "central+https://repo.maven.apache.org/maven2/"
checksum = "sha256:aeddf2462d4783a1b16f6ff1e242582a76edd9ccd69b6b6386905c65a4ec6077"
scopes   = ["main"]
deps = [
  "com.fasterxml.jackson.core:jackson-annotations@3.0-rc5",
  "tools.jackson.core:jackson-core@3.1.3",
]

[[package]]
name     = "tools.jackson.dataformat:jackson-dataformat-yaml"
version  = "3.1.3"
source   = "central+https://repo.maven.apache.org/maven2/"
checksum = "sha256:f98e74f2d7286ec4b2f7ad5dade396d40620424fd03b2f0ba02c640d29b42b48"
scopes   = ["main"]
deps = [
  "org.snakeyaml:snakeyaml-engine@3.0.1",
  "tools.jackson.core:jackson-core@3.1.3",
  "tools.jackson.core:jackson-databind@3.1.3",
]
